
Microsoft Visual Studio Solution File, Format Version 12.00
# Visual Studio Version 17
VisualStudioVersion = 17.9.34622.214
MinimumVisualStudioVersion = 10.0.40219.1
Project("{FAE04EC0-301F-11D3-BF4B-00C04F79EFBC}") = "MatchGame", "MatchGame\MatchGame.csproj", "{203A714B-74AA-48AD-8F38-35F31F9532EA}"
EndProject
Global
	GlobalSection(SolutionConfigurationPlatforms) = preSolution
		Debug|Any CPU = Debug|Any CPU
		Release|Any CPU = Release|Any CPU
	EndGlobalSection
	GlobalSection(ProjectConfigurationPlatforms) = postSolution
		{203A714B-74AA-48AD-8F38-35F31F9532EA}.Debug|Any CPU.ActiveCfg = Debug|Any CPU
		{203A714B-74AA-48AD-8F38-35F31F9532EA}.Debug|Any CPU.Build.0 = Debug|Any CPU
		{203A714B-74AA-48AD-8F38-35F31F9532EA}.Release|Any CPU.ActiveCfg = Release|Any CPU
		{203A714B-74AA-48AD-8F38-35F31F9532EA}.Release|Any CPU.Build.0 = Release|Any CPU
	EndGlobalSection
	GlobalSection(SolutionProperties) = preSolution
		HideSolutionNode = FALSE
	EndGlobalSection
	GlobalSection(ExtensibilityGlobals) = postSolution
		SolutionGuid = {44DCE93A-DBA6-4D5B-AF4A-003B23A17A46}
	EndGlobalSection
EndGlobal
